
Microsoft Visual Studio Solution File, Format Version 12.00
# Visual Studio Version 17
VisualStudioVersion = 17.3.32929.385
MinimumVisualStudioVersion = 10.0.40219.1
Project("{9A19103F-16F7-4668-BE54-9A1E7A4F7556}") = "ImageCropper.Maui", "ImageCropper.Maui\ImageCropper.Maui.csproj", "{DD656A7B-EB73-4582-8077-C08994ABA248}"
EndProject
Project("{2150E333-8FDC-42A3-9474-1A3956D46DE8}") = "Library", "Library", "{1F32F736-E6C2-426D-A56D-29BFE6E8B33D}"
EndProject
Project("{2150E333-8FDC-42A3-9474-1A3956D46DE8}") = "Binding", "Binding", "{B3E27B92-728F-4E51-9297-F54AE6F2B41D}"
EndProject
Project("{9A19103F-16F7-4668-BE54-9A1E7A4F7556}") = "Com.Vanniktech.AndroidImageCropper", "Com.Vannikteck.AndroidImageCropper\Com.Vanniktech.AndroidImageCropper.csproj", "{25449349-A7B9-4CC8-9F3D-976ABEA97D50}"
EndProject
Project("{9A19103F-16F7-4668-BE54-9A1E7A4F7556}") = "TOCropViewController", "TOCropViewController\TOCropViewController.csproj", "{E25364A2-C7DB-45DE-904D-C854DBC408E9}"
EndProject
Project("{9A19103F-16F7-4668-BE54-9A1E7A4F7556}") = "Kotlin.Parcelize.Runtime.Maui", "Kotlin.Parcelize.Runtime.Maui\Kotlin.Parcelize.Runtime.Maui.csproj", "{6E72B65B-AC99-42EE-8B47-E4CC2AC2EAF4}"
EndProject
Project("{9A19103F-16F7-4668-BE54-9A1E7A4F7556}") = "Kotlin.Android.Extensions.Runtime.Maui", "Kotlin.Android.Extensions.Runtime.Maui\Kotlin.Android.Extensions.Runtime.Maui.csproj", "{68D6D330-FF42-4B1D-A968-8F3E4E6B5C4C}"
EndProject
Project("{2150E333-8FDC-42A3-9474-1A3956D46DE8}") = "Demo", "Demo", "{82207845-0012-43BD-B8C4-0B9FD3B88A5B}"
EndProject
Project("{9A19103F-16F7-4668-BE54-9A1E7A4F7556}") = "ImageCropperDemo", "ImageCropperDemo\ImageCropperDemo.csproj", "{D3ED6F56-B1D4-464D-AB70-AC92BB5B0F75}"
EndProject
Global
	GlobalSection(SolutionConfigurationPlatforms) = preSolution
		Debug|Any CPU = Debug|Any CPU
		Release|Any CPU = Release|Any CPU
	EndGlobalSection
	GlobalSection(ProjectConfigurationPlatforms) = postSolution
		{DD656A7B-EB73-4582-8077-C08994ABA248}.Debug|Any CPU.ActiveCfg = Debug|Any CPU
		{DD656A7B-EB73-4582-8077-C08994ABA248}.Debug|Any CPU.Build.0 = Debug|Any CPU
		{DD656A7B-EB73-4582-8077-C08994ABA248}.Release|Any CPU.ActiveCfg = Release|Any CPU
		{DD656A7B-EB73-4582-8077-C08994ABA248}.Release|Any CPU.Build.0 = Release|Any CPU
		{25449349-A7B9-4CC8-9F3D-976ABEA97D50}.Debug|Any CPU.ActiveCfg = Debug|Any CPU
		{25449349-A7B9-4CC8-9F3D-976ABEA97D50}.Debug|Any CPU.Build.0 = Debug|Any CPU
		{25449349-A7B9-4CC8-9F3D-976ABEA97D50}.Release|Any CPU.ActiveCfg = Release|Any CPU
		{25449349-A7B9-4CC8-9F3D-976ABEA97D50}.Release|Any CPU.Build.0 = Release|Any CPU
		{E25364A2-C7DB-45DE-904D-C854DBC408E9}.Debug|Any CPU.ActiveCfg = Debug|Any CPU
		{E25364A2-C7DB-45DE-904D-C854DBC408E9}.Debug|Any CPU.Build.0 = Debug|Any CPU
		{E25364A2-C7DB-45DE-904D-C854DBC408E9}.Release|Any CPU.ActiveCfg = Release|Any CPU
		{E25364A2-C7DB-45DE-904D-C854DBC408E9}.Release|Any CPU.Build.0 = Release|Any CPU
		{6E72B65B-AC99-42EE-8B47-E4CC2AC2EAF4}.Debug|Any CPU.ActiveCfg = Debug|Any CPU
		{6E72B65B-AC99-42EE-8B47-E4CC2AC2EAF4}.Debug|Any CPU.Build.0 = Debug|Any CPU
		{6E72B65B-AC99-42EE-8B47-E4CC2AC2EAF4}.Release|Any CPU.ActiveCfg = Release|Any CPU
		{6E72B65B-AC99-42EE-8B47-E4CC2AC2EAF4}.Release|Any CPU.Build.0 = Release|Any CPU
		{68D6D330-FF42-4B1D-A968-8F3E4E6B5C4C}.Debug|Any CPU.ActiveCfg = Debug|Any CPU
		{68D6D330-FF42-4B1D-A968-8F3E4E6B5C4C}.Debug|Any CPU.Build.0 = Debug|Any CPU
		{68D6D330-FF42-4B1D-A968-8F3E4E6B5C4C}.Release|Any CPU.ActiveCfg = Release|Any CPU
		{68D6D330-FF42-4B1D-A968-8F3E4E6B5C4C}.Release|Any CPU.Build.0 = Release|Any CPU
		{D3ED6F56-B1D4-464D-AB70-AC92BB5B0F75}.Debug|Any CPU.ActiveCfg = Debug|Any CPU
		{D3ED6F56-B1D4-464D-AB70-AC92BB5B0F75}.Debug|Any CPU.Build.0 = Debug|Any CPU
		{D3ED6F56-B1D4-464D-AB70-AC92BB5B0F75}.Debug|Any CPU.Deploy.0 = Debug|Any CPU
		{D3ED6F56-B1D4-464D-AB70-AC92BB5B0F75}.Release|Any CPU.ActiveCfg = Release|Any CPU
		{D3ED6F56-B1D4-464D-AB70-AC92BB5B0F75}.Release|Any CPU.Build.0 = Release|Any CPU
		{D3ED6F56-B1D4-464D-AB70-AC92BB5B0F75}.Release|Any CPU.Deploy.0 = Release|Any CPU
	EndGlobalSection
	GlobalSection(SolutionProperties) = preSolution
		HideSolutionNode = FALSE
	EndGlobalSection
	GlobalSection(NestedProjects) = preSolution
		{DD656A7B-EB73-4582-8077-C08994ABA248} = {1F32F736-E6C2-426D-A56D-29BFE6E8B33D}
		{25449349-A7B9-4CC8-9F3D-976ABEA97D50} = {B3E27B92-728F-4E51-9297-F54AE6F2B41D}
		{E25364A2-C7DB-45DE-904D-C854DBC408E9} = {B3E27B92-728F-4E51-9297-F54AE6F2B41D}
		{6E72B65B-AC99-42EE-8B47-E4CC2AC2EAF4} = {B3E27B92-728F-4E51-9297-F54AE6F2B41D}
		{68D6D330-FF42-4B1D-A968-8F3E4E6B5C4C} = {B3E27B92-728F-4E51-9297-F54AE6F2B41D}
		{D3ED6F56-B1D4-464D-AB70-AC92BB5B0F75} = {82207845-0012-43BD-B8C4-0B9FD3B88A5B}
	EndGlobalSection
	GlobalSection(ExtensibilityGlobals) = postSolution
		SolutionGuid = {F7BCC4B0-F90B-43B2-B5F2-3A653FB1CFA0}
	EndGlobalSection
EndGlobal
