
Microsoft Visual Studio Solution File, Format Version 12.00
# Visual Studio Version 17
VisualStudioVersion = 17.3.32929.385
MinimumVisualStudioVersion = 10.0.40219.1
Project("{9A19103F-16F7-4668-BE54-9A1E7A4F7556}") = "ImageCropper.Maui", "ImageCropper.Maui\ImageCropper.Maui.csproj", "{DD656A7B-EB73-4582-8077-C08994ABA248}"
EndProject
Project("{2150E333-8FDC-42A3-9474-1A3956D46DE8}") = "Library", "Library", "{1F32F736-E6C2-426D-A56D-29BFE6E8B33D}"
EndProject
Project("{2150E333-8FDC-42A3-9474-1A3956D46DE8}") = "Binding", "Binding", "{B3E27B92-728F-4E51-9297-F54AE6F2B41D}"
EndProject
Project("{2150E333-8FDC-42A3-9474-1A3956D46DE8}") = "Demo", "Demo", "{82207845-0012-43BD-B8C4-0B9FD3B88A5B}"
EndProject
Project("{9A19103F-16F7-4668-BE54-9A1E7A4F7556}") = "TOCropView.Maui", "TOCropView.Maui\TOCropView.Maui.csproj", "{D824FBE6-BE8C-4BDA-A2FE-DC3D7ABB3E49}"
EndProject
Project("{9A19103F-16F7-4668-BE54-9A1E7A4F7556}") = "Com.Vanniktech.AndroidImageCropper.Maui", "Com.Vanniktech.AndroidImageCropper.Maui\Com.Vanniktech.AndroidImageCropper.Maui.csproj", "{7E3384D6-D0D5-43FB-A635-E0610EE24503}"
EndProject
Global
	GlobalSection(SolutionConfigurationPlatforms) = preSolution
		Debug|Any CPU = Debug|Any CPU
		Release|Any CPU = Release|Any CPU
	EndGlobalSection
	GlobalSection(ProjectConfigurationPlatforms) = postSolution
		{DD656A7B-EB73-4582-8077-C08994ABA248}.Debug|Any CPU.ActiveCfg = Debug|Any CPU
		{DD656A7B-EB73-4582-8077-C08994ABA248}.Debug|Any CPU.Build.0 = Debug|Any CPU
		{DD656A7B-EB73-4582-8077-C08994ABA248}.Release|Any CPU.ActiveCfg = Release|Any CPU
		{DD656A7B-EB73-4582-8077-C08994ABA248}.Release|Any CPU.Build.0 = Release|Any CPU
		{D824FBE6-BE8C-4BDA-A2FE-DC3D7ABB3E49}.Debug|Any CPU.ActiveCfg = Debug|Any CPU
		{D824FBE6-BE8C-4BDA-A2FE-DC3D7ABB3E49}.Debug|Any CPU.Build.0 = Debug|Any CPU
		{D824FBE6-BE8C-4BDA-A2FE-DC3D7ABB3E49}.Release|Any CPU.ActiveCfg = Release|Any CPU
		{D824FBE6-BE8C-4BDA-A2FE-DC3D7ABB3E49}.Release|Any CPU.Build.0 = Release|Any CPU
		{7E3384D6-D0D5-43FB-A635-E0610EE24503}.Debug|Any CPU.ActiveCfg = Debug|Any CPU
		{7E3384D6-D0D5-43FB-A635-E0610EE24503}.Debug|Any CPU.Build.0 = Debug|Any CPU
		{7E3384D6-D0D5-43FB-A635-E0610EE24503}.Release|Any CPU.ActiveCfg = Release|Any CPU
		{7E3384D6-D0D5-43FB-A635-E0610EE24503}.Release|Any CPU.Build.0 = Release|Any CPU
	EndGlobalSection
	GlobalSection(SolutionProperties) = preSolution
		HideSolutionNode = FALSE
	EndGlobalSection
	GlobalSection(NestedProjects) = preSolution
		{DD656A7B-EB73-4582-8077-C08994ABA248} = {1F32F736-E6C2-426D-A56D-29BFE6E8B33D}
		{D824FBE6-BE8C-4BDA-A2FE-DC3D7ABB3E49} = {B3E27B92-728F-4E51-9297-F54AE6F2B41D}
		{7E3384D6-D0D5-43FB-A635-E0610EE24503} = {B3E27B92-728F-4E51-9297-F54AE6F2B41D}
	EndGlobalSection
	GlobalSection(ExtensibilityGlobals) = postSolution
		SolutionGuid = {F7BCC4B0-F90B-43B2-B5F2-3A653FB1CFA0}
	EndGlobalSection
EndGlobal
