
Microsoft Visual Studio Solution File, Format Version 12.00
# Visual Studio Version 17
VisualStudioVersion = 17.3.32929.385
MinimumVisualStudioVersion = 10.0.40219.1
Project("{FAE04EC0-301F-11D3-BF4B-00C04F79EFBC}") = "ImageCropper.Maui", "ImageCropper.Maui\ImageCropper.Maui.csproj", "{DD656A7B-EB73-4582-8077-C08994ABA248}"
EndProject
Global
	GlobalSection(SolutionConfigurationPlatforms) = preSolution
		Debug|Any CPU = Debug|Any CPU
		Release|Any CPU = Release|Any CPU
	EndGlobalSection
	GlobalSection(ProjectConfigurationPlatforms) = postSolution
		{DD656A7B-EB73-4582-8077-C08994ABA248}.Debug|Any CPU.ActiveCfg = Debug|Any CPU
		{DD656A7B-EB73-4582-8077-C08994ABA248}.Debug|Any CPU.Build.0 = Debug|Any CPU
		{DD656A7B-EB73-4582-8077-C08994ABA248}.Release|Any CPU.ActiveCfg = Release|Any CPU
		{DD656A7B-EB73-4582-8077-C08994ABA248}.Release|Any CPU.Build.0 = Release|Any CPU
	EndGlobalSection
	GlobalSection(SolutionProperties) = preSolution
		HideSolutionNode = FALSE
	EndGlobalSection
	GlobalSection(ExtensibilityGlobals) = postSolution
		SolutionGuid = {F7BCC4B0-F90B-43B2-B5F2-3A653FB1CFA0}
	EndGlobalSection
EndGlobal
